lockfileVersion: '9.0'

settings:
  autoInstallPeers: true
  excludeLinksFromLockfile: false

importers:

  .:
    devDependencies:
      '@types/node':
        specifier: ^24.3.0
        version: 24.13.4
      typescript:
        specifier: 7.1.0-dev.20260910.1
        version: 7.1.0-dev.20260910.1

  apps/cli:
    dependencies:
      '@clack/prompts':
        specifier: ^0.11.0
        version: 0.11.0
      '@skynex-internal/domain':
        specifier: workspace:*
        version: link:../../packages/domain
      '@skynex-internal/installer':
        specifier: workspace:*
        version: link:../../packages/installer
      '@skynex-internal/sky-agents':
        specifier: workspace:*
        version: link:../../packages/sky-agents
      '@skynex-internal/target-opencode':
        specifier: workspace:*
        version: link:../../targets/opencode

  packages/application:
    dependencies:
      '@skynex-internal/domain':
        specifier: workspace:*
        version: link:../domain

  packages/catalog:
    dependencies:
      '@skynex-internal/domain':
        specifier: workspace:*
        version: link:../domain

  packages/compiler:
    dependencies:
      '@skynex-internal/catalog':
        specifier: workspace:*
        version: link:../catalog
      '@skynex-internal/domain':
        specifier: workspace:*
        version: link:../domain

  packages/domain: {}

  packages/installer:
    dependencies:
      '@skynex-internal/application':
        specifier: workspace:*
        version: link:../application
      '@skynex-internal/domain':
        specifier: workspace:*
        version: link:../domain

  packages/presentation: {}

  packages/sky-agents:
    dependencies:
      '@skynex-internal/domain':
        specifier: workspace:*
        version: link:../domain
      jsonc-parser:
        specifier: ^3.3.1
        version: 3.3.1

  packages/testing: {}

  targets/opencode:
    dependencies:
      '@skynex-internal/application':
        specifier: workspace:*
        version: link:../../packages/application
      '@skynex-internal/catalog':
        specifier: workspace:*
        version: link:../../packages/catalog
      '@skynex-internal/compiler':
        specifier: workspace:*
        version: link:../../packages/compiler
      '@skynex-internal/domain':
        specifier: workspace:*
        version: link:../../packages/domain
      jsonc-parser:
        specifier: ^3.3.1
        version: 3.3.1

packages:

  '@clack/core@0.5.0':
    resolution: {integrity: sha512-p3y0FIOwaYRUPRcMO7+dlmLh8PSRcrjuTndsiA0WAFbWES0mLZlrjVoBRZ9DzkPFJZG6KGkJmoEAY0ZcVWTkow==}

  '@clack/prompts@0.11.0':
    resolution: {integrity: sha512-pMN5FcrEw9hUkZA4f+zLlzivQSeQf5dRGJjSUbvVYDLvpKCdQx5OaknvKzgbtXOizhP+SJJJjqEbOe55uKKfAw==}

  '@types/node@24.13.4':
    resolution: {integrity: sha512-YJ7EqCstVTzIr0fMr7qul/977en+pQHrfmuKIo6Zr9i75Be21dr3MovcfvGtyvi2HAUrRerWps5sMO9I7WaxDw==}

  '@typescript/typescript-darwin-arm64@7.1.0-dev.20260910.1':
    resolution: {integrity: sha512-TIKQ2L8HHBAqOCpuhymQcY+s9tvre2aASGPC021GBg7Z6iBBEQmJgp7RVMzR1oGLtxxBf45kJVHhBH1JIyArSg==}
    engines: {node: '>=16.20.0'}
    cpu: [arm64]
    os: [darwin]

  '@typescript/typescript-darwin-x64@7.1.0-dev.20260910.1':
    resolution: {integrity: sha512-9TxWIP6c3qjCYcns5DsHyeD9OZRLltclxAlXubGezw+fsBfuB8xn2mfEOauoM/wnECenVaXrw7g8pYhX3ohv+A==}
    engines: {node: '>=16.20.0'}
    cpu: [x64]
    os: [darwin]

  '@typescript/typescript-linux-arm64@7.1.0-dev.20260910.1':
    resolution: {integrity: sha512-So6cMxSt/5n27aDJ+VOI9MRjSkRXLsNLgQPPcZvCkj6kOO0YnQNJYkUzMMhK394RTsZLRIkpDgz6S1hf6Ub7Nw==}
    engines: {node: '>=16.20.0'}
    cpu: [arm64]
    os: [linux]

  '@typescript/typescript-linux-arm@7.1.0-dev.20260910.1':
    resolution: {integrity: sha512-2nh+U5fO6rAR/en5yMXv1k2NAnpslJ93kKgnteYtB3A7EmFXGphtssdRgdi/ZGtlUauyiqU1Xpg5xVFFr419gg==}
    engines: {node: '>=16.20.0'}
    cpu: [arm]
    os: [linux]

  '@typescript/typescript-linux-x64@7.1.0-dev.20260910.1':
    resolution: {integrity: sha512-1X82pV5yhMJlP+fkAvF5QDL31lyWKzYtapgmyfbYjxZRA4Fn1QQynXsxc9iGK5r7KVh55vC0LJtULJ9UY1U/nA==}
    engines: {node: '>=16.20.0'}
    cpu: [x64]
    os: [linux]

  '@typescript/typescript-win32-arm64@7.1.0-dev.20260910.1':
    resolution: {integrity: sha512-njRweFbEwXSAZF1xGgSBXYar/7FC7/euSRdxcOBlbD0CVCN+IQCz3suMcIIZAAW2B4TMYLq+ngFrruKEGJGH9Q==}
    engines: {node: '>=16.20.0'}
    cpu: [arm64]
    os: [win32]

  '@typescript/typescript-win32-x64@7.1.0-dev.20260910.1':
    resolution: {integrity: sha512-NyqNbtpK2cG7IF7HDxgf8WIVdHdtzNeuhHcIjzQGKOc9Pirc4WFY2keZ4AWwmzkH9QrrnvrEXYiD5QVWwkcHgw==}
    engines: {node: '>=16.20.0'}
    cpu: [x64]
    os: [win32]

  jsonc-parser@3.3.1:
    resolution: {integrity: sha512-HUgH65KyejrUFPvHFPbqOY0rsFip3Bo5wb4ngvdi1EpCYWUQDC5V+Y7mZws+DLkr4M//zQJoanu1SP+87Dv1oQ==}

  picocolors@1.1.1:
    resolution: {integrity: sha512-xceH2snhtb5M9liqDsmEw56le376mTZkEX/jEb/RxNFyegNul7eNslCXP9FDj/Lcu0X8KEyMceP2ntpaHrDEVA==}

  sisteransi@1.0.5:
    resolution: {integrity: sha512-bLGGlR1QxBcynn2d5YmDX4MGjlZvy2MRBDRNHLJ8VI6l6+9FUiyTFNJ0IveOSP0bcXgVDPRcfGqA0pjaqUpfVg==}

  typescript@7.1.0-dev.20260910.1:
    resolution: {integrity: sha512-R+6MjHFaCUkXDTff98Soti0KEQK0ueobU+OgNzCH2cu0M03mpa+fHo102inE1o+ND5Rtv86kGOw704H5PnuAuA==}
    engines: {node: '>=16.20.0'}
    hasBin: true

  undici-types@7.18.2:
    resolution: {integrity: sha512-AsuCzffGHJybSaRrmr5eHr81mwJU3kjw6M+uprWvCXiNeN9SOGwQ3Jn8jb8m3Z6izVgknn1R0FTCEAP2QrLY/w==}

snapshots:

  '@clack/core@0.5.0':
    dependencies:
      picocolors: 1.1.1
      sisteransi: 1.0.5

  '@clack/prompts@0.11.0':
    dependencies:
      '@clack/core': 0.5.0
      picocolors: 1.1.1
      sisteransi: 1.0.5

  '@types/node@24.13.4':
    dependencies:
      undici-types: 7.18.2

  '@typescript/typescript-darwin-arm64@7.1.0-dev.20260910.1':
    optional: true

  '@typescript/typescript-darwin-x64@7.1.0-dev.20260910.1':
    optional: true

  '@typescript/typescript-linux-arm64@7.1.0-dev.20260910.1':
    optional: true

  '@typescript/typescript-linux-arm@7.1.0-dev.20260910.1':
    optional: true

  '@typescript/typescript-linux-x64@7.1.0-dev.20260910.1':
    optional: true

  '@typescript/typescript-win32-arm64@7.1.0-dev.20260910.1':
    optional: true

  '@typescript/typescript-win32-x64@7.1.0-dev.20260910.1':
    optional: true

  jsonc-parser@3.3.1: {}

  picocolors@1.1.1: {}

  sisteransi@1.0.5: {}

  typescript@7.1.0-dev.20260910.1:
    optionalDependencies:
      '@typescript/typescript-darwin-arm64': 7.1.0-dev.20260910.1
      '@typescript/typescript-darwin-x64': 7.1.0-dev.20260910.1
      '@typescript/typescript-linux-arm': 7.1.0-dev.20260910.1
      '@typescript/typescript-linux-arm64': 7.1.0-dev.20260910.1
      '@typescript/typescript-linux-x64': 7.1.0-dev.20260910.1
      '@typescript/typescript-win32-arm64': 7.1.0-dev.20260910.1
      '@typescript/typescript-win32-x64': 7.1.0-dev.20260910.1

  undici-types@7.18.2: {}
